// !$*UTF8*$!
{
	archiveVersion = 1;
	classes = {
	};
	objectVersion = 46;
	objects = {

/* Begin PBXBuildFile section */
		52DEA89E15CF9E6300A6C53C /* UIKit.framework in Frameworks */ = {isa = PBXBuildFile; fileRef = 52DEA89D15CF9E6300A6C53C /* UIKit.framework */; };
		52DEA8A015CF9E6300A6C53C /* Foundation.framework in Frameworks */ = {isa = PBXBuildFile; fileRef = 52DEA89F15CF9E6300A6C53C /* Foundation.framework */; };
		52DEA8A215CF9E6300A6C53C /* CoreGraphics.framework in Frameworks */ = {isa = PBXBuildFile; fileRef = 52DEA8A115CF9E6300A6C53C /* CoreGraphics.framework */; };
		52DEA8A815CF9E6300A6C53C /* InfoPlist.strings in Resources */ = {isa = PBXBuildFile; fileRef = 52DEA8A615CF9E6300A6C53C /* InfoPlist.strings */; };
		52DEA8AA15CF9E6300A6C53C /* main.m in Sources */ = {isa = PBXBuildFile; fileRef = 52DEA8A915CF9E6300A6C53C /* main.m */; };
		52DEA8AE15CF9E6400A6C53C /* CalculatorAppDelegate.m in Sources */ = {isa = PBXBuildFile; fileRef = 52DEA8AD15CF9E6400A6C53C /* CalculatorAppDelegate.m */; };
		52DEA8B115CF9E6400A6C53C /* MainStoryboard.storyboard in Resources */ = {isa = PBXBuildFile; fileRef = 52DEA8AF15CF9E6400A6C53C /* MainStoryboard.storyboard */; };
		52DEA8B415CF9E6400A6C53C /* CalculatorViewController.m in Sources */ = {isa = PBXBuildFile; fileRef = 52DEA8B315CF9E6400A6C53C /* CalculatorViewController.m */; };
		52DEA8BC15CFAC8700A6C53C /* CalculatorBrain.m in Sources */ = {isa = PBXBuildFile; fileRef = 52DEA8BB15CFAC8600A6C53C /* CalculatorBrain.m */; };
/* End PBXBuildFile section */

/* Begin PBXFileReference section */
		52DEA89915CF9E6300A6C53C /* Calculator.app */ = {isa = PBXFileReference; explicitFileType = wrapper.application; includeInIndex = 0; path = Calculator.app; sourceTree = BUILT_PRODUCTS_DIR; };
		52DEA89D15CF9E6300A6C53C /* UIKit.framework */ = {isa = PBXFileReference; lastKnownFileType = wrapper.framework; name = UIKit.framework; path = System/Library/Frameworks/UIKit.framework; sourceTree = SDKROOT; };
		52DEA89F15CF9E6300A6C53C /* Foundation.framework */ = {isa = PBXFileReference; lastKnownFileType = wrapper.framework; name = Foundation.framework; path = System/Library/Frameworks/Foundation.framework; sourceTree = SDKROOT; };
		52DEA8A115CF9E6300A6C53C /* CoreGraphics.framework */ = {isa = PBXFileReference; lastKnownFileType = wrapper.framework; name = CoreGraphics.framework; path = System/Library/Frameworks/CoreGraphics.framework; sourceTree = SDKROOT; };
		52DEA8A515CF9E6300A6C53C /* Calculator-Info.plist */ = {isa = PBXFileReference; lastKnownFileType = text.plist.xml; path = "Calculator-Info.plist"; sourceTree = "<group>"; };
		52DEA8A715CF9E6300A6C53C /* en */ = {isa = PBXFileReference; lastKnownFileType = text.plist.strings; name = en; path = en.lproj/InfoPlist.strings; sourceTree = "<group>"; };
		52DEA8A915CF9E6300A6C53C /* main.m */ = {isa = PBXFileReference; lastKnownFileType = sourcecode.c.objc; path = main.m; sourceTree = "<group>"; };
		52DEA8AB15CF9E6300A6C53C /* Calculator-Prefix.pch */ = {isa = PBXFileReference; lastKnownFileType = sourcecode.c.h; path = "Calculator-Prefix.pch"; sourceTree = "<group>"; };
		52DEA8AC15CF9E6400A6C53C /* CalculatorAppDelegate.h */ = {isa = PBXFileReference; lastKnownFileType = sourcecode.c.h; path = CalculatorAppDelegate.h; sourceTree = "<group>"; };
		52DEA8AD15CF9E6400A6C53C /* CalculatorAppDelegate.m */ = {isa = PBXFileReference; lastKnownFileType = sourcecode.c.objc; path = CalculatorAppDelegate.m; sourceTree = "<group>"; };
		52DEA8B015CF9E6400A6C53C /* en */ = {isa = PBXFileReference; lastKnownFileType = file.storyboard; name = en; path = en.lproj/MainStoryboard.storyboard; sourceTree = "<group>"; };
		52DEA8B215CF9E6400A6C53C /* CalculatorViewController.h */ = {isa = PBXFileReference; lastKnownFileType = sourcecode.c.h; path = CalculatorViewController.h; sourceTree = "<group>"; };
		52DEA8B315CF9E6400A6C53C /* CalculatorViewController.m */ = {isa = PBXFileReference; lastKnownFileType = sourcecode.c.objc; path = CalculatorViewController.m; sourceTree = "<group>"; };
		52DEA8BA15CFAC8600A6C53C /* CalculatorBrain.h */ = {isa = PBXFileReference; fileEncoding = 4; lastKnownFileType = sourcecode.c.h; path = CalculatorBrain.h; sourceTree = "<group>"; };
		52DEA8BB15CFAC8600A6C53C /* CalculatorBrain.m */ = {isa = PBXFileReference; fileEncoding = 4; lastKnownFileType = sourcecode.c.objc; path = CalculatorBrain.m; sourceTree = "<group>"; };
/* End PBXFileReference section */

/* Begin PBXFrameworksBuildPhase section */
		52DEA89615CF9E6300A6C53C /* Frameworks */ = {
			isa = PBXFrameworksBuildPhase;
			buildActionMask = 2147483647;
			files = (
				52DEA89E15CF9E6300A6C53C /* UIKit.framework in Frameworks */,
				52DEA8A015CF9E6300A6C53C /* Foundation.framework in Frameworks */,
				52DEA8A215CF9E6300A6C53C /* CoreGraphics.framework in Frameworks */,
			);
			runOnlyForDeploymentPostprocessing = 0;
		};
/* End PBXFrameworksBuildPhase section */

/* Begin PBXGroup section */
		52DEA88E15CF9E6300A6C53C = {
			isa = PBXGroup;
			children = (
				52DEA8A315CF9E6300A6C53C /* Calculator */,
				52DEA89C15CF9E6300A6C53C /* Frameworks */,
				52DEA89A15CF9E6300A6C53C /* Products */,
			);
			sourceTree = "<group>";
		};
		52DEA89A15CF9E6300A6C53C /* Products */ = {
			isa = PBXGroup;
			children = (
				52DEA89915CF9E6300A6C53C /* Calculator.app */,
			);
			name = Products;
			sourceTree = "<group>";
		};
		52DEA89C15CF9E6300A6C53C /* Frameworks */ = {
			isa = PBXGroup;
			children = (
				52DEA89D15CF9E6300A6C53C /* UIKit.framework */,
				52DEA89F15CF9E6300A6C53C /* Foundation.framework */,
				52DEA8A115CF9E6300A6C53C /* CoreGraphics.framework */,
			);
			name = Frameworks;
			sourceTree = "<group>";
		};
		52DEA8A315CF9E6300A6C53C /* Calculator */ = {
			isa = PBXGroup;
			children = (
				52DEA8AC15CF9E6400A6C53C /* CalculatorAppDelegate.h */,
				52DEA8AD15CF9E6400A6C53C /* CalculatorAppDelegate.m */,
				52DEA8AF15CF9E6400A6C53C /* MainStoryboard.storyboard */,
				52DEA8BA15CFAC8600A6C53C /* CalculatorBrain.h */,
				52DEA8BB15CFAC8600A6C53C /* CalculatorBrain.m */,
				52DEA8B215CF9E6400A6C53C /* CalculatorViewController.h */,
				52DEA8B315CF9E6400A6C53C /* CalculatorViewController.m */,
				52DEA8A415CF9E6300A6C53C /* Supporting Files */,
			);
			path = Calculator;
			sourceTree = "<group>";
		};
		52DEA8A415CF9E6300A6C53C /* Supporting Files */ = {
			isa = PBXGroup;
			children = (
				52DEA8A515CF9E6300A6C53C /* Calculator-Info.plist */,
				52DEA8A615CF9E6300A6C53C /* InfoPlist.strings */,
				52DEA8A915CF9E6300A6C53C /* main.m */,
				52DEA8AB15CF9E6300A6C53C /* Calculator-Prefix.pch */,
			);
			name = "Supporting Files";
			sourceTree = "<group>";
		};
/* End PBXGroup section */

/* Begin PBXNativeTarget section */
		52DEA89815CF9E6300A6C53C /* Calculator */ = {
			isa = PBXNativeTarget;
			buildConfigurationList = 52DEA8B715CF9E6400A6C53C /* Build configuration list for PBXNativeTarget "Calculator" */;
			buildPhases = (
				52DEA89515CF9E6300A6C53C /* Sources */,
				52DEA89615CF9E6300A6C53C /* Frameworks */,
				52DEA89715CF9E6300A6C53C /* Resources */,
			);
			buildRules = (
			);
			dependencies = (
			);
			name = Calculator;
			productName = Calculator;
			productReference = 52DEA89915CF9E6300A6C53C /* Calculator.app */;
			productType = "com.apple.product-type.application";
		};
/* End PBXNativeTarget section */

/* Begin PBXProject section */
		52DEA89015CF9E6300A6C53C /* Project object */ = {
			isa = PBXProject;
			attributes = {
				CLASSPREFIX = Calculator;
				LastUpgradeCheck = 0440;
				ORGANIZATIONNAME = "John McGovern";
			};
			buildConfigurationList = 52DEA89315CF9E6300A6C53C /* Build configuration list for PBXProject "Calculator" */;
			compatibilityVersion = "Xcode 3.2";
			developmentRegion = English;
			hasScannedForEncodings = 0;
			knownRegions = (
				en,
			);
			mainGroup = 52DEA88E15CF9E6300A6C53C;
			productRefGroup = 52DEA89A15CF9E6300A6C53C /* Products */;
			projectDirPath = "";
			projectRoot = "";
			targets = (
				52DEA89815CF9E6300A6C53C /* Calculator */,
			);
		};
/* End PBXProject section */

/* Begin PBXResourcesBuildPhase section */
		52DEA89715CF9E6300A6C53C /* Resources */ = {
			isa = PBXResourcesBuildPhase;
			buildActionMask = 2147483647;
			files = (
				52DEA8A815CF9E6300A6C53C /* InfoPlist.strings in Resources */,
				52DEA8B115CF9E6400A6C53C /* MainStoryboard.storyboard in Resources */,
			);
			runOnlyForDeploymentPostprocessing = 0;
		};
/* End PBXResourcesBuildPhase section */

/* Begin PBXSourcesBuildPhase section */
		52DEA89515CF9E6300A6C53C /* Sources */ = {
			isa = PBXSourcesBuildPhase;
			buildActionMask = 2147483647;
			files = (
				52DEA8AA15CF9E6300A6C53C /* main.m in Sources */,
				52DEA8AE15CF9E6400A6C53C /* CalculatorAppDelegate.m in Sources */,
				52DEA8B415CF9E6400A6C53C /* CalculatorViewController.m in Sources */,
				52DEA8BC15CFAC8700A6C53C /* CalculatorBrain.m in Sources */,
			);
			runOnlyForDeploymentPostprocessing = 0;
		};
/* End PBXSourcesBuildPhase section */

/* Begin PBXVariantGroup section */
		52DEA8A615CF9E6300A6C53C /* InfoPlist.strings */ = {
			isa = PBXVariantGroup;
			children = (
				52DEA8A715CF9E6300A6C53C /* en */,
			);
			name = InfoPlist.strings;
			sourceTree = "<group>";
		};
		52DEA8AF15CF9E6400A6C53C /* MainStoryboard.storyboard */ = {
			isa = PBXVariantGroup;
			children = (
				52DEA8B015CF9E6400A6C53C /* en */,
			);
			name = MainStoryboard.storyboard;
			sourceTree = "<group>";
		};
/* End PBXVariantGroup section */

/* Begin XCBuildConfiguration section */
		52DEA8B515CF9E6400A6C53C /* Debug */ = {
			isa = XCBuildConfiguration;
			buildSettings = {
				ALWAYS_SEARCH_USER_PATHS = NO;
				ARCHS = "$(ARCHS_STANDARD_32_BIT)";
				CLANG_CXX_LANGUAGE_STANDARD = "gnu++0x";
				CLANG_ENABLE_OBJC_ARC = YES;
				CLANG_WARN__DUPLICATE_METHOD_MATCH = YES;
				"CODE_SIGN_IDENTITY[sdk=iphoneos*]" = "iPhone Developer";
				COPY_PHASE_STRIP = NO;
				GCC_C_LANGUAGE_STANDARD = gnu99;
				GCC_DYNAMIC_NO_PIC = NO;
				GCC_OPTIMIZATION_LEVEL = 0;
				GCC_PREPROCESSOR_DEFINITIONS = (
					"DEBUG=1",
					"$(inherited)",
				);
				GCC_SYMBOLS_PRIVATE_EXTERN = NO;
				GCC_VERSION = com.apple.compilers.llvm.clang.1_0;
				GCC_WARN_ABOUT_RETURN_TYPE = YES;
				GCC_WARN_UNINITIALIZED_AUTOS = YES;
				GCC_WARN_UNUSED_VARIABLE = YES;
				IPHONEOS_DEPLOYMENT_TARGET = 5.1;
				SDKROOT = iphoneos;
			};
			name = Debug;
		};
		52DEA8B615CF9E6400A6C53C /* Release */ = {
			isa = XCBuildConfiguration;
			buildSettings = {
				ALWAYS_SEARCH_USER_PATHS = NO;
				ARCHS = "$(ARCHS_STANDARD_32_BIT)";
				CLANG_CXX_LANGUAGE_STANDARD = "gnu++0x";
				CLANG_ENABLE_OBJC_ARC = YES;
				CLANG_WARN__DUPLICATE_METHOD_MATCH = YES;
				"CODE_SIGN_IDENTITY[sdk=iphoneos*]" = "iPhone Developer";
				COPY_PHASE_STRIP = YES;
				GCC_C_LANGUAGE_STANDARD = gnu99;
				GCC_VERSION = com.apple.compilers.llvm.clang.1_0;
				GCC_WARN_ABOUT_RETURN_TYPE = YES;
				GCC_WARN_UNINITIALIZED_AUTOS = YES;
				GCC_WARN_UNUSED_VARIABLE = YES;
				IPHONEOS_DEPLOYMENT_TARGET = 5.1;
				OTHER_CFLAGS = "-DNS_BLOCK_ASSERTIONS=1";
				SDKROOT = iphoneos;
				VALIDATE_PRODUCT = YES;
			};
			name = Release;
		};
		52DEA8B815CF9E6400A6C53C /* Debug */ = {
			isa = XCBuildConfiguration;
			buildSettings = {
				GCC_PRECOMPILE_PREFIX_HEADER = YES;
				GCC_PREFIX_HEADER = "Calculator/Calculator-Prefix.pch";
				INFOPLIST_FILE = "Calculator/Calculator-Info.plist";
				PRODUCT_NAME = "$(TARGET_NAME)";
				WRAPPER_EXTENSION = app;
			};
			name = Debug;
		};
		52DEA8B915CF9E6400A6C53C /* Release */ = {
			isa = XCBuildConfiguration;
			buildSettings = {
				GCC_PRECOMPILE_PREFIX_HEADER = YES;
				GCC_PREFIX_HEADER = "Calculator/Calculator-Prefix.pch";
				INFOPLIST_FILE = "Calculator/Calculator-Info.plist";
				PRODUCT_NAME = "$(TARGET_NAME)";
				WRAPPER_EXTENSION = app;
			};
			name = Release;
		};
/* End XCBuildConfiguration section */

/* Begin XCConfigurationList section */
		52DEA89315CF9E6300A6C53C /* Build configuration list for PBXProject "Calculator" */ = {
			isa = XCConfigurationList;
			buildConfigurations = (
				52DEA8B515CF9E6400A6C53C /* Debug */,
				52DEA8B615CF9E6400A6C53C /* Release */,
			);
			defaultConfigurationIsVisible = 0;
			defaultConfigurationName = Release;
		};
		52DEA8B715CF9E6400A6C53C /* Build configuration list for PBXNativeTarget "Calculator" */ = {
			isa = XCConfigurationList;
			buildConfigurations = (
				52DEA8B815CF9E6400A6C53C /* Debug */,
				52DEA8B915CF9E6400A6C53C /* Release */,
			);
			defaultConfigurationIsVisible = 0;
		};
/* End XCConfigurationList section */
	};
	rootObject = 52DEA89015CF9E6300A6C53C /* Project object */;
}
